
Microsoft Visual Studio Solution File, Format Version 12.00
# Visual Studio Version 17
VisualStudioVersion = 17.4.33122.133
MinimumVisualStudioVersion = 10.0.40219.1
Project("{FAE04EC0-301F-11D3-BF4B-00C04F79EFBC}") = "DotNetWebServer", "DotNetWebServer.csproj", "{87E33A09-647A-4161-85A1-2032DF0F0830}"
EndProject
Global
	GlobalSection(SolutionConfigurationPlatforms) = preSolution
		Debug|Any CPU = Debug|Any CPU
		Release|Any CPU = Release|Any CPU
	EndGlobalSection
	GlobalSection(ProjectConfigurationPlatforms) = postSolution
		{87E33A09-647A-4161-85A1-2032DF0F0830}.Debug|Any CPU.ActiveCfg = Debug|Any CPU
		{87E33A09-647A-4161-85A1-2032DF0F0830}.Debug|Any CPU.Build.0 = Debug|Any CPU
		{87E33A09-647A-4161-85A1-2032DF0F0830}.Release|Any CPU.ActiveCfg = Release|Any CPU
		{87E33A09-647A-4161-85A1-2032DF0F0830}.Release|Any CPU.Build.0 = Release|Any CPU
	EndGlobalSection
	GlobalSection(SolutionProperties) = preSolution
		HideSolutionNode = FALSE
	EndGlobalSection
	GlobalSection(ExtensibilityGlobals) = postSolution
		SolutionGuid = {454B4B68-A762-4E5F-A43C-ABCE1DA81943}
	EndGlobalSection
EndGlobal
